PODS:
  - Protobuf (4.33.1)
  - SSZipArchive (2.4.3)

DEPENDENCIES:
  - Protobuf (= 4.33.1)
  - SSZipArchive (= 2.4.3)

SPEC REPOS:
  trunk:
    - Protobuf
    - SSZipArchive

SPEC CHECKSUMS:
  Protobuf: 722d1531dad0ade1d0c91ff37eb7494ba05dff5c
  SSZipArchive: fe6a26b2a54d5a0890f2567b5cc6de5caa600aef

PODFILE CHECKSUM: 4c8d2041107af704f7ee07aec60687123446fbc7

COCOAPODS: 1.16.2
